# This file is automatically @generated by Cargo.
# It is not intended for manual editing.
version = 4

[[package]]
name = "upnow-cli"
version = "0.1.0"

[[package]]
name = "upnow-domain"
version = "0.1.0"

[[package]]
name = "upnow-infra"
version = "0.1.0"

[[package]]
name = "upnow-managers"
version = "0.1.0"

[[package]]
name = "upnow-planning"
version = "0.1.0"

[[package]]
name = "upnow-presentation"
version = "0.1.0"
